
Microsoft Visual Studio Solution File, Format Version 12.00
# Visual Studio 15
VisualStudioVersion = 15.0.28307.1209
MinimumVisualStudioVersion = 10.0.40219.1
Project("{FAE04EC0-301F-11D3-BF4B-00C04F79EFBC}") = "Laskuri", "Laskuri\Laskuri.csproj", "{8A53C6C7-D738-4EB5-8859-9E86E199075A}"
EndProject
Global
	GlobalSection(SolutionConfigurationPlatforms) = preSolution
		Debug|Any CPU = Debug|Any CPU
		Release|Any CPU = Release|Any CPU
	EndGlobalSection
	GlobalSection(ProjectConfigurationPlatforms) = postSolution
		{8A53C6C7-D738-4EB5-8859-9E86E199075A}.Debug|Any CPU.ActiveCfg = Debug|Any CPU
		{8A53C6C7-D738-4EB5-8859-9E86E199075A}.Debug|Any CPU.Build.0 = Debug|Any CPU
		{8A53C6C7-D738-4EB5-8859-9E86E199075A}.Release|Any CPU.ActiveCfg = Release|Any CPU
		{8A53C6C7-D738-4EB5-8859-9E86E199075A}.Release|Any CPU.Build.0 = Release|Any CPU
	EndGlobalSection
	GlobalSection(SolutionProperties) = preSolution
		HideSolutionNode = FALSE
	EndGlobalSection
	GlobalSection(ExtensibilityGlobals) = postSolution
		SolutionGuid = {CF41D949-3802-4B3B-90ED-268755B06994}
	EndGlobalSection
EndGlobal
